go.kyoto.codes/v3 v3.0.0 h1:gD7JvW3p14iA5BIaMsvcLHOVyzjg+En0y1ETCRUHkX8=
go.kyoto.codes/v3 v3.0.0/go.mod h1:nTirQjQVQk2QILk+gFpugQYmzoqTQ+5vCqJUjSF7bII=
go.kyoto.codes/v3 v3.1.0 h1:4YxMT+9HodPmnvxgMrA9P78GeJ0OEMEODlTi4OWSO4o=
go.kyoto.codes/v3 v3.1.0/go.mod h1:nTirQjQVQk2QILk+gFpugQYmzoqTQ+5vCqJUjSF7bII=
go.kyoto.codes/zen/v3 v3.0.0 h1:USERmDZJlJYrMnTK/2e8b0JCa5X9AXCC4iULwD/+SB4=
go.kyoto.codes/zen/v3 v3.0.0/go.mod h1:mL1cTOqQ9EgZ1QeItYltjO4MPQakLXz/Xeu+dd/LO1g=
go.kyoto.codes/zen/v3 v3.1.0 h1:90HOg8T/DJ95jwAcUqcE+IXPPWVd1tkZcyWVf6p8nlM=
go.kyoto.codes/zen/v3 v3.1.0/go.mod h1:mL1cTOqQ9EgZ1QeItYltjO4MPQakLXz/Xeu+dd/LO1g=
